
Microsoft Visual Studio Solution File, Format Version 12.00
# Visual Studio Version 17
VisualStudioVersion = 17.11.35219.272
MinimumVisualStudioVersion = 10.0.40219.1
Project("{FAE04EC0-301F-11D3-BF4B-00C04F79EFBC}") = "PasswordLibrary", "RandomPassword\PasswordLibrary.csproj", "{885C08F0-9690-4EE2-B757-6E0C525551EF}"
EndProject
Project("{FAE04EC0-301F-11D3-BF4B-00C04F79EFBC}") = "PasswordLibrary.Tests", "PasswordLibrary.Tests\PasswordLibrary.Tests.csproj", "{7AA0967C-1654-452D-A996-08FA112DA089}"
EndProject
Global
	GlobalSection(SolutionConfigurationPlatforms) = preSolution
		Debug|Any CPU = Debug|Any CPU
		Release|Any CPU = Release|Any CPU
	EndGlobalSection
	GlobalSection(ProjectConfigurationPlatforms) = postSolution
		{885C08F0-9690-4EE2-B757-6E0C525551EF}.Debug|Any CPU.ActiveCfg = Debug|Any CPU
		{885C08F0-9690-4EE2-B757-6E0C525551EF}.Debug|Any CPU.Build.0 = Debug|Any CPU
		{885C08F0-9690-4EE2-B757-6E0C525551EF}.Release|Any CPU.ActiveCfg = Release|Any CPU
		{885C08F0-9690-4EE2-B757-6E0C525551EF}.Release|Any CPU.Build.0 = Release|Any CPU
		{7AA0967C-1654-452D-A996-08FA112DA089}.Debug|Any CPU.ActiveCfg = Debug|Any CPU
		{7AA0967C-1654-452D-A996-08FA112DA089}.Debug|Any CPU.Build.0 = Debug|Any CPU
		{7AA0967C-1654-452D-A996-08FA112DA089}.Release|Any CPU.ActiveCfg = Release|Any CPU
		{7AA0967C-1654-452D-A996-08FA112DA089}.Release|Any CPU.Build.0 = Release|Any CPU
	EndGlobalSection
	GlobalSection(SolutionProperties) = preSolution
		HideSolutionNode = FALSE
	EndGlobalSection
	GlobalSection(ExtensibilityGlobals) = postSolution
		SolutionGuid = {9F3ECB0E-2378-4DB1-8CF9-564722D7ACB9}
	EndGlobalSection
EndGlobal
